
Microsoft Visual Studio Solution File, Format Version 12.00
# Visual Studio Version 16
VisualStudioVersion = 16.0.31624.102
MinimumVisualStudioVersion = 10.0.40219.1
Project("{9A19103F-16F7-4668-BE54-9A1E7A4F7556}") = "ConsoleApp1", "ConsoleApp1\ConsoleApp1.csproj", "{C361E04D-2FD9-4CB5-9DFD-B0F60014A5F2}"
EndProject
Project("{2150E333-8FDC-42A3-9474-1A3956D46DE8}") = "Solution Items", "Solution Items", "{4D882F9C-C886-40E3-85D9-C88444BD0D21}"
EndProject
Global
	GlobalSection(SolutionConfigurationPlatforms) = preSolution
		Debug|Any CPU = Debug|Any CPU
		Release|Any CPU = Release|Any CPU
	EndGlobalSection
	GlobalSection(ProjectConfigurationPlatforms) = postSolution
		{C361E04D-2FD9-4CB5-9DFD-B0F60014A5F2}.Debug|Any CPU.ActiveCfg = Debug|Any CPU
		{C361E04D-2FD9-4CB5-9DFD-B0F60014A5F2}.Debug|Any CPU.Build.0 = Debug|Any CPU
		{C361E04D-2FD9-4CB5-9DFD-B0F60014A5F2}.Release|Any CPU.ActiveCfg = Release|Any CPU
		{C361E04D-2FD9-4CB5-9DFD-B0F60014A5F2}.Release|Any CPU.Build.0 = Release|Any CPU
	EndGlobalSection
	GlobalSection(SolutionProperties) = preSolution
		HideSolutionNode = FALSE
	EndGlobalSection
	GlobalSection(ExtensibilityGlobals) = postSolution
		SolutionGuid = {A0F5B2C3-E9B7-4FD3-9014-831ABEE13956}
	EndGlobalSection
EndGlobal
